
Microsoft Visual Studio Solution File, Format Version 12.00
# Visual Studio Version 17
VisualStudioVersion = 17.4.33213.308
MinimumVisualStudioVersion = 10.0.40219.1
Project("{FAE04EC0-301F-11D3-BF4B-00C04F79EFBC}") = "LearnWebAutomation", "LearnWebAutomation\LearnWebAutomation.csproj", "{8A8E3AA6-EE49-4187-B013-BF73B79BB160}"
EndProject
Global
	GlobalSection(SolutionConfigurationPlatforms) = preSolution
		Debug|Any CPU = Debug|Any CPU
		Release|Any CPU = Release|Any CPU
	EndGlobalSection
	GlobalSection(ProjectConfigurationPlatforms) = postSolution
		{8A8E3AA6-EE49-4187-B013-BF73B79BB160}.Debug|Any CPU.ActiveCfg = Debug|Any CPU
		{8A8E3AA6-EE49-4187-B013-BF73B79BB160}.Debug|Any CPU.Build.0 = Debug|Any CPU
		{8A8E3AA6-EE49-4187-B013-BF73B79BB160}.Release|Any CPU.ActiveCfg = Release|Any CPU
		{8A8E3AA6-EE49-4187-B013-BF73B79BB160}.Release|Any CPU.Build.0 = Release|Any CPU
	EndGlobalSection
	GlobalSection(SolutionProperties) = preSolution
		HideSolutionNode = FALSE
	EndGlobalSection
	GlobalSection(ExtensibilityGlobals) = postSolution
		SolutionGuid = {F8AEEAE7-0A2E-4D09-9203-97EE78B7E346}
	EndGlobalSection
EndGlobal
